
Microsoft Visual Studio Solution File, Format Version 12.00
# Visual Studio Version 17
VisualStudioVersion = 17.5.33414.496
MinimumVisualStudioVersion = 10.0.40219.1
Project("{FAE04EC0-301F-11D3-BF4B-00C04F79EFBC}") = "GradeRank-API", "GradeRank-API\GradeRank-API.csproj", "{23F4715D-40EE-4D39-8D88-B74D8DE86853}"
EndProject
Project("{FAE04EC0-301F-11D3-BF4B-00C04F79EFBC}") = "GradeRank-Application", "GradeRank-Application\GradeRank-Application.csproj", "{E014B6B1-81C9-4007-B8A7-331F64E04DED}"
EndProject
Project("{FAE04EC0-301F-11D3-BF4B-00C04F79EFBC}") = "GradeRank-Domain", "GradeRank-Domain\GradeRank-Domain.csproj", "{E074B8E9-8550-4187-8C3D-ED8A912FE3DB}"
EndProject
Project("{FAE04EC0-301F-11D3-BF4B-00C04F79EFBC}") = "GradeRank-Infrastructure", "GradeRank-Infrastructure\GradeRank-Infrastructure.csproj", "{E71D68B9-A103-4079-82A4-4848BDFAB40E}"
EndProject
Project("{FAE04EC0-301F-11D3-BF4B-00C04F79EFBC}") = "GradeRank-Tests", "GradeRank-Tests\GradeRank-Tests.csproj", "{ACEF4379-6850-49C4-9A50-CD5A7A07BD4E}"
EndProject
Global
	GlobalSection(SolutionConfigurationPlatforms) = preSolution
		Debug|Any CPU = Debug|Any CPU
		Release|Any CPU = Release|Any CPU
	EndGlobalSection
	GlobalSection(ProjectConfigurationPlatforms) = postSolution
		{23F4715D-40EE-4D39-8D88-B74D8DE86853}.Debug|Any CPU.ActiveCfg = Debug|Any CPU
		{23F4715D-40EE-4D39-8D88-B74D8DE86853}.Debug|Any CPU.Build.0 = Debug|Any CPU
		{23F4715D-40EE-4D39-8D88-B74D8DE86853}.Release|Any CPU.ActiveCfg = Release|Any CPU
		{23F4715D-40EE-4D39-8D88-B74D8DE86853}.Release|Any CPU.Build.0 = Release|Any CPU
		{E014B6B1-81C9-4007-B8A7-331F64E04DED}.Debug|Any CPU.ActiveCfg = Debug|Any CPU
		{E014B6B1-81C9-4007-B8A7-331F64E04DED}.Debug|Any CPU.Build.0 = Debug|Any CPU
		{E014B6B1-81C9-4007-B8A7-331F64E04DED}.Release|Any CPU.ActiveCfg = Release|Any CPU
		{E014B6B1-81C9-4007-B8A7-331F64E04DED}.Release|Any CPU.Build.0 = Release|Any CPU
		{E074B8E9-8550-4187-8C3D-ED8A912FE3DB}.Debug|Any CPU.ActiveCfg = Debug|Any CPU
		{E074B8E9-8550-4187-8C3D-ED8A912FE3DB}.Debug|Any CPU.Build.0 = Debug|Any CPU
		{E074B8E9-8550-4187-8C3D-ED8A912FE3DB}.Release|Any CPU.ActiveCfg = Release|Any CPU
		{E074B8E9-8550-4187-8C3D-ED8A912FE3DB}.Release|Any CPU.Build.0 = Release|Any CPU
		{E71D68B9-A103-4079-82A4-4848BDFAB40E}.Debug|Any CPU.ActiveCfg = Debug|Any CPU
		{E71D68B9-A103-4079-82A4-4848BDFAB40E}.Debug|Any CPU.Build.0 = Debug|Any CPU
		{E71D68B9-A103-4079-82A4-4848BDFAB40E}.Release|Any CPU.ActiveCfg = Release|Any CPU
		{E71D68B9-A103-4079-82A4-4848BDFAB40E}.Release|Any CPU.Build.0 = Release|Any CPU
		{ACEF4379-6850-49C4-9A50-CD5A7A07BD4E}.Debug|Any CPU.ActiveCfg = Debug|Any CPU
		{ACEF4379-6850-49C4-9A50-CD5A7A07BD4E}.Debug|Any CPU.Build.0 = Debug|Any CPU
		{ACEF4379-6850-49C4-9A50-CD5A7A07BD4E}.Release|Any CPU.ActiveCfg = Release|Any CPU
		{ACEF4379-6850-49C4-9A50-CD5A7A07BD4E}.Release|Any CPU.Build.0 = Release|Any CPU
	EndGlobalSection
	GlobalSection(SolutionProperties) = preSolution
		HideSolutionNode = FALSE
	EndGlobalSection
	GlobalSection(ExtensibilityGlobals) = postSolution
		SolutionGuid = {6BFC90D4-4F1D-47CF-86AB-B1549BAD6116}
	EndGlobalSection
EndGlobal
